
Microsoft Visual Studio Solution File, Format Version 12.00
# Visual Studio Version 17
VisualStudioVersion = 17.1.32210.238
MinimumVisualStudioVersion = 10.0.40219.1
Project("{9A19103F-16F7-4668-BE54-9A1E7A4F7556}") = "Shopping.Client", "Shopping.Client\Shopping.Client.csproj", "{489FEE3C-B936-45F9-A50B-E0517AFFAC18}"
EndProject
Project("{9A19103F-16F7-4668-BE54-9A1E7A4F7556}") = "Shopping.API", "Shopping.API\Shopping.API.csproj", "{27524FF3-5A17-469D-BD83-0EC94882F8D5}"
EndProject
Project("{E53339B2-1760-4266-BCC7-CA923CBCF16C}") = "docker-compose", "docker-compose.dcproj", "{67315B8E-0839-4E8F-8FE8-ECAFC3B9056F}"
EndProject
Global
	GlobalSection(SolutionConfigurationPlatforms) = preSolution
		Debug|Any CPU = Debug|Any CPU
		Release|Any CPU = Release|Any CPU
	EndGlobalSection
	GlobalSection(ProjectConfigurationPlatforms) = postSolution
		{489FEE3C-B936-45F9-A50B-E0517AFFAC18}.Debug|Any CPU.ActiveCfg = Debug|Any CPU
		{489FEE3C-B936-45F9-A50B-E0517AFFAC18}.Debug|Any CPU.Build.0 = Debug|Any CPU
		{489FEE3C-B936-45F9-A50B-E0517AFFAC18}.Release|Any CPU.ActiveCfg = Release|Any CPU
		{489FEE3C-B936-45F9-A50B-E0517AFFAC18}.Release|Any CPU.Build.0 = Release|Any CPU
		{27524FF3-5A17-469D-BD83-0EC94882F8D5}.Debug|Any CPU.ActiveCfg = Debug|Any CPU
		{27524FF3-5A17-469D-BD83-0EC94882F8D5}.Debug|Any CPU.Build.0 = Debug|Any CPU
		{27524FF3-5A17-469D-BD83-0EC94882F8D5}.Release|Any CPU.ActiveCfg = Release|Any CPU
		{27524FF3-5A17-469D-BD83-0EC94882F8D5}.Release|Any CPU.Build.0 = Release|Any CPU
		{67315B8E-0839-4E8F-8FE8-ECAFC3B9056F}.Debug|Any CPU.ActiveCfg = Debug|Any CPU
		{67315B8E-0839-4E8F-8FE8-ECAFC3B9056F}.Debug|Any CPU.Build.0 = Debug|Any CPU
		{67315B8E-0839-4E8F-8FE8-ECAFC3B9056F}.Release|Any CPU.ActiveCfg = Release|Any CPU
		{67315B8E-0839-4E8F-8FE8-ECAFC3B9056F}.Release|Any CPU.Build.0 = Release|Any CPU
	EndGlobalSection
	GlobalSection(SolutionProperties) = preSolution
		HideSolutionNode = FALSE
	EndGlobalSection
	GlobalSection(ExtensibilityGlobals) = postSolution
		SolutionGuid = {B2F82490-AE5F-4BB9-BBA5-BCBF0F8DE904}
	EndGlobalSection
EndGlobal
